Microsoft Visual Studio Solution File, Format Version 12.00
# Visual Studio Version 17
VisualStudioVersion = 17.5.2.0
MinimumVisualStudioVersion = 10.0.40219.1
Project("{2150E333-8FDC-42A3-9474-1A3956D46DE8}") = "Bots", "Bots", "{3D84C8CA-98E2-CD35-74F7-BC183E18B6DF}"
EndProject
Project("{2150E333-8FDC-42A3-9474-1A3956D46DE8}") = "Website", "Website", "{32E63C23-E2FE-CC65-73DA-6F37BD55E479}"
EndProject
Project("{2150E333-8FDC-42A3-9474-1A3956D46DE8}") = "C-Main", "C-Main", "{1D224EED-28FB-F5B7-6495-D765AEF4131E}"
EndProject
Project("{FAE04EC0-301F-11D3-BF4B-00C04F79EFBC}") = "Mainbot", "Bots\C-Main\Mainbot.csproj", "{4740B5B2-757B-363A-2123-5519F0FD1E7D}"
EndProject
Project("{2150E333-8FDC-42A3-9474-1A3956D46DE8}") = "C-Ping", "C-Ping", "{DC2E8EE0-A233-64B6-B318-1145E449691C}"
EndProject
Project("{FAE04EC0-301F-11D3-BF4B-00C04F79EFBC}") = "Pingbot", "Bots\C-Ping\Pingbot.csproj", "{886B119D-294F-2237-B985-C0065E39C76B}"
EndProject
Project("{2150E333-8FDC-42A3-9474-1A3956D46DE8}") = "C-Pirat", "C-Pirat", "{174DBC33-AB85-E41A-3570-81C0B3AF5582}"
EndProject
Project("{FAE04EC0-301F-11D3-BF4B-00C04F79EFBC}") = "PiratBot", "Bots\C-Pirat\PiratBot.csproj", "{9DADE81C-AF57-CE93-76CD-0133AC95975A}"
EndProject
Project("{FAE04EC0-301F-11D3-BF4B-00C04F79EFBC}") = "WebsiteServer", "Website\WebsiteServer\WebsiteServer.csproj", "{DABCC854-D02C-E2F8-0E2D-815A2CE73101}"
EndProject
Global
	GlobalSection(SolutionConfigurationPlatforms) = preSolution
		Debug|Any CPU = Debug|Any CPU
		Release|Any CPU = Release|Any CPU
	EndGlobalSection
	GlobalSection(ProjectConfigurationPlatforms) = postSolution
		{4740B5B2-757B-363A-2123-5519F0FD1E7D}.Debug|Any CPU.ActiveCfg = Debug|Any CPU
		{4740B5B2-757B-363A-2123-5519F0FD1E7D}.Debug|Any CPU.Build.0 = Debug|Any CPU
		{4740B5B2-757B-363A-2123-5519F0FD1E7D}.Release|Any CPU.ActiveCfg = Release|Any CPU
		{4740B5B2-757B-363A-2123-5519F0FD1E7D}.Release|Any CPU.Build.0 = Release|Any CPU
		{886B119D-294F-2237-B985-C0065E39C76B}.Debug|Any CPU.ActiveCfg = Debug|Any CPU
		{886B119D-294F-2237-B985-C0065E39C76B}.Debug|Any CPU.Build.0 = Debug|Any CPU
		{886B119D-294F-2237-B985-C0065E39C76B}.Release|Any CPU.ActiveCfg = Release|Any CPU
		{886B119D-294F-2237-B985-C0065E39C76B}.Release|Any CPU.Build.0 = Release|Any CPU
		{9DADE81C-AF57-CE93-76CD-0133AC95975A}.Debug|Any CPU.ActiveCfg = Debug|Any CPU
		{9DADE81C-AF57-CE93-76CD-0133AC95975A}.Debug|Any CPU.Build.0 = Debug|Any CPU
		{9DADE81C-AF57-CE93-76CD-0133AC95975A}.Release|Any CPU.ActiveCfg = Release|Any CPU
		{9DADE81C-AF57-CE93-76CD-0133AC95975A}.Release|Any CPU.Build.0 = Release|Any CPU
		{DABCC854-D02C-E2F8-0E2D-815A2CE73101}.Debug|Any CPU.ActiveCfg = Debug|Any CPU
		{DABCC854-D02C-E2F8-0E2D-815A2CE73101}.Debug|Any CPU.Build.0 = Debug|Any CPU
		{DABCC854-D02C-E2F8-0E2D-815A2CE73101}.Release|Any CPU.ActiveCfg = Release|Any CPU
		{DABCC854-D02C-E2F8-0E2D-815A2CE73101}.Release|Any CPU.Build.0 = Release|Any CPU
	EndGlobalSection
	GlobalSection(SolutionProperties) = preSolution
		HideSolutionNode = FALSE
	EndGlobalSection
	GlobalSection(NestedProjects) = preSolution
		{1D224EED-28FB-F5B7-6495-D765AEF4131E} = {3D84C8CA-98E2-CD35-74F7-BC183E18B6DF}
		{4740B5B2-757B-363A-2123-5519F0FD1E7D} = {1D224EED-28FB-F5B7-6495-D765AEF4131E}
		{DC2E8EE0-A233-64B6-B318-1145E449691C} = {3D84C8CA-98E2-CD35-74F7-BC183E18B6DF}
		{886B119D-294F-2237-B985-C0065E39C76B} = {DC2E8EE0-A233-64B6-B318-1145E449691C}
		{174DBC33-AB85-E41A-3570-81C0B3AF5582} = {3D84C8CA-98E2-CD35-74F7-BC183E18B6DF}
		{9DADE81C-AF57-CE93-76CD-0133AC95975A} = {174DBC33-AB85-E41A-3570-81C0B3AF5582}
		{DABCC854-D02C-E2F8-0E2D-815A2CE73101} = {32E63C23-E2FE-CC65-73DA-6F37BD55E479}
	EndGlobalSection
	GlobalSection(ExtensibilityGlobals) = postSolution
		SolutionGuid = {6D4B3534-6E4A-4D55-B127-891877DD8A3E}
	EndGlobalSection
EndGlobal
